
Microsoft Visual Studio Solution File, Format Version 12.00
# Visual Studio Version 16
VisualStudioVersion = 16.0.32630.194
MinimumVisualStudioVersion = 10.0.40219.1
Project("{FAE04EC0-301F-11D3-BF4B-00C04F79EFBC}") = "SalesWebMvc_", "SalesWebMvc_\SalesWebMvc_.csproj", "{D208B73A-BBA5-4E77-939A-9E09C57DE93A}"
EndProject
Global
	GlobalSection(SolutionConfigurationPlatforms) = preSolution
		Debug|Any CPU = Debug|Any CPU
		Release|Any CPU = Release|Any CPU
	EndGlobalSection
	GlobalSection(ProjectConfigurationPlatforms) = postSolution
		{D208B73A-BBA5-4E77-939A-9E09C57DE93A}.Debug|Any CPU.ActiveCfg = Debug|Any CPU
		{D208B73A-BBA5-4E77-939A-9E09C57DE93A}.Debug|Any CPU.Build.0 = Debug|Any CPU
		{D208B73A-BBA5-4E77-939A-9E09C57DE93A}.Release|Any CPU.ActiveCfg = Release|Any CPU
		{D208B73A-BBA5-4E77-939A-9E09C57DE93A}.Release|Any CPU.Build.0 = Release|Any CPU
	EndGlobalSection
	GlobalSection(SolutionProperties) = preSolution
		HideSolutionNode = FALSE
	EndGlobalSection
	GlobalSection(ExtensibilityGlobals) = postSolution
		SolutionGuid = {292370FA-8485-418C-9D4D-43D7DAFB0D10}
	EndGlobalSection
EndGlobal
